
Microsoft Visual Studio Solution File, Format Version 12.00
# Visual Studio Version 17
VisualStudioVersion = 17.5.33502.453
MinimumVisualStudioVersion = 10.0.40219.1
Project("{FAE04EC0-301F-11D3-BF4B-00C04F79EFBC}") = "Task1", "Task1\Task1.csproj", "{6F3CF457-58BA-4F84-9247-EC6AD1867674}"
EndProject
Global
	GlobalSection(SolutionConfigurationPlatforms) = preSolution
		Debug|Any CPU = Debug|Any CPU
		Release|Any CPU = Release|Any CPU
	EndGlobalSection
	GlobalSection(ProjectConfigurationPlatforms) = postSolution
		{6F3CF457-58BA-4F84-9247-EC6AD1867674}.Debug|Any CPU.ActiveCfg = Debug|Any CPU
		{6F3CF457-58BA-4F84-9247-EC6AD1867674}.Debug|Any CPU.Build.0 = Debug|Any CPU
		{6F3CF457-58BA-4F84-9247-EC6AD1867674}.Release|Any CPU.ActiveCfg = Release|Any CPU
		{6F3CF457-58BA-4F84-9247-EC6AD1867674}.Release|Any CPU.Build.0 = Release|Any CPU
	EndGlobalSection
	GlobalSection(SolutionProperties) = preSolution
		HideSolutionNode = FALSE
	EndGlobalSection
	GlobalSection(ExtensibilityGlobals) = postSolution
		SolutionGuid = {CD81A1B2-D926-45B6-88A9-1556801352BC}
	EndGlobalSection
EndGlobal
