
Microsoft Visual Studio Solution File, Format Version 12.00
# Visual Studio Version 17
VisualStudioVersion = 17.5.33502.453
MinimumVisualStudioVersion = 10.0.40219.1
Project("{9A19103F-16F7-4668-BE54-9A1E7A4F7556}") = "Task1", "Task1\Task1.csproj", "{6F3CF457-58BA-4F84-9247-EC6AD1867674}"
EndProject
Project("{9A19103F-16F7-4668-BE54-9A1E7A4F7556}") = "Task2", "Task2\Task2.csproj", "{7DD6F12A-0167-43BF-BA44-F50E70E70B7D}"
EndProject
Project("{9A19103F-16F7-4668-BE54-9A1E7A4F7556}") = "Task3", "Task3\Task3.csproj", "{90100A7F-A28B-4E56-AAD3-EE4C2225D0ED}"
EndProject
Project("{9A19103F-16F7-4668-BE54-9A1E7A4F7556}") = "Task4", "Task4\Task4.csproj", "{D7E2DD41-AC63-43D9-82C2-738993174B47}"
EndProject
Project("{9A19103F-16F7-4668-BE54-9A1E7A4F7556}") = "Task5", "Task5\Task5.csproj", "{2DA330AF-1E54-4F27-A4F1-430CC480ED03}"
EndProject
Project("{9A19103F-16F7-4668-BE54-9A1E7A4F7556}") = "Task6", "Task6\Task6.csproj", "{B1D64CCA-B5EA-4118-8411-20916424A4C4}"
EndProject
Project("{9A19103F-16F7-4668-BE54-9A1E7A4F7556}") = "Task7", "Task7\Task7.csproj", "{9B1C6E53-73C1-43B6-AB47-F86FE9FC7E66}"
EndProject
Project("{9A19103F-16F7-4668-BE54-9A1E7A4F7556}") = "Task8", "Task8\Task8.csproj", "{7421C8A4-342A-442C-9C57-1DD9556ED250}"
EndProject
Project("{9A19103F-16F7-4668-BE54-9A1E7A4F7556}") = "Task9", "Task9\Task9.csproj", "{0DBEE3BA-E378-4078-89C0-32FD26BE815E}"
EndProject
Project("{9A19103F-16F7-4668-BE54-9A1E7A4F7556}") = "Task10", "Task10\Task10.csproj", "{FE0A4C9D-3C9A-491A-BEEB-A7407FB8B706}"
EndProject
Project("{9A19103F-16F7-4668-BE54-9A1E7A4F7556}") = "Task11", "Task11\Task11.csproj", "{C239CC50-C772-4343-A8C4-58B8B8823A72}"
EndProject
Project("{9A19103F-16F7-4668-BE54-9A1E7A4F7556}") = "HelpingLibrary", "Helpers\HelpingLibrary.csproj", "{1EE5A440-D97A-4C30-AE4A-DD64A56C5895}"
EndProject
Project("{9A19103F-16F7-4668-BE54-9A1E7A4F7556}") = "Enums", "Enums\Enums.csproj", "{6D97FE7C-A293-4550-BCDA-90031FAA1F86}"
EndProject
Project("{9A19103F-16F7-4668-BE54-9A1E7A4F7556}") = "Task12", "Task12\Task12.csproj", "{85641E36-ED3A-4266-BD47-65068E4B8A4C}"
EndProject
Project("{9A19103F-16F7-4668-BE54-9A1E7A4F7556}") = "Task13", "Task13\Task13.csproj", "{C7443483-CF18-4846-8B0D-FB90F377A3F6}"
EndProject
Project("{9A19103F-16F7-4668-BE54-9A1E7A4F7556}") = "Task14", "Task14\Task14.csproj", "{92FB7372-F4F4-4342-B963-23EA5600EDF8}"
EndProject
Project("{9A19103F-16F7-4668-BE54-9A1E7A4F7556}") = "Task16", "Task15\Task16.csproj", "{D31CAD00-3760-4AE1-B77F-A7A65939E4CF}"
EndProject
Project("{9A19103F-16F7-4668-BE54-9A1E7A4F7556}") = "Task17", "Task17\Task17.csproj", "{75E36BA6-4EAF-4344-A9D0-2A896BA6C27C}"
EndProject
Project("{9A19103F-16F7-4668-BE54-9A1E7A4F7556}") = "Task18", "Task18\Task18.csproj", "{3E4A75D4-DAFC-4356-8C42-D5CDE076221F}"
EndProject
Project("{9A19103F-16F7-4668-BE54-9A1E7A4F7556}") = "Task20", "Task20\Task20.csproj", "{ED056CF3-7196-4246-B23C-2ADF57BC8F84}"
EndProject
Project("{9A19103F-16F7-4668-BE54-9A1E7A4F7556}") = "Task21", "Task21\Task21.csproj", "{7E45AF79-C13D-45AC-B494-58020DD2E348}"
EndProject
Project("{9A19103F-16F7-4668-BE54-9A1E7A4F7556}") = "Task22", "Task22\Task22.csproj", "{B2D4AE06-3418-47EF-8C61-6FE4AB3D0D18}"
EndProject
Project("{9A19103F-16F7-4668-BE54-9A1E7A4F7556}") = "Task29", "Task29\Task29.csproj", "{70A6C3D5-5C6B-4F96-8D09-EA1DAA4A2512}"
EndProject
Project("{9A19103F-16F7-4668-BE54-9A1E7A4F7556}") = "Task30", "Task30\Task30.csproj", "{C69574B0-0A3D-4881-B625-B2B04269781F}"
EndProject
Project("{FAE04EC0-301F-11D3-BF4B-00C04F79EFBC}") = "Task32", "Task32\Task32.csproj", "{C5A3C4DE-5949-488B-BE1C-206CF857D2A5}"
EndProject
Global
	GlobalSection(SolutionConfigurationPlatforms) = preSolution
		Debug|Any CPU = Debug|Any CPU
		Release|Any CPU = Release|Any CPU
	EndGlobalSection
	GlobalSection(ProjectConfigurationPlatforms) = postSolution
		{6F3CF457-58BA-4F84-9247-EC6AD1867674}.Debug|Any CPU.ActiveCfg = Debug|Any CPU
		{6F3CF457-58BA-4F84-9247-EC6AD1867674}.Debug|Any CPU.Build.0 = Debug|Any CPU
		{6F3CF457-58BA-4F84-9247-EC6AD1867674}.Release|Any CPU.ActiveCfg = Release|Any CPU
		{6F3CF457-58BA-4F84-9247-EC6AD1867674}.Release|Any CPU.Build.0 = Release|Any CPU
		{7DD6F12A-0167-43BF-BA44-F50E70E70B7D}.Debug|Any CPU.ActiveCfg = Debug|Any CPU
		{7DD6F12A-0167-43BF-BA44-F50E70E70B7D}.Debug|Any CPU.Build.0 = Debug|Any CPU
		{7DD6F12A-0167-43BF-BA44-F50E70E70B7D}.Release|Any CPU.ActiveCfg = Release|Any CPU
		{7DD6F12A-0167-43BF-BA44-F50E70E70B7D}.Release|Any CPU.Build.0 = Release|Any CPU
		{90100A7F-A28B-4E56-AAD3-EE4C2225D0ED}.Debug|Any CPU.ActiveCfg = Debug|Any CPU
		{90100A7F-A28B-4E56-AAD3-EE4C2225D0ED}.Debug|Any CPU.Build.0 = Debug|Any CPU
		{90100A7F-A28B-4E56-AAD3-EE4C2225D0ED}.Release|Any CPU.ActiveCfg = Release|Any CPU
		{90100A7F-A28B-4E56-AAD3-EE4C2225D0ED}.Release|Any CPU.Build.0 = Release|Any CPU
		{D7E2DD41-AC63-43D9-82C2-738993174B47}.Debug|Any CPU.ActiveCfg = Debug|Any CPU
		{D7E2DD41-AC63-43D9-82C2-738993174B47}.Debug|Any CPU.Build.0 = Debug|Any CPU
		{D7E2DD41-AC63-43D9-82C2-738993174B47}.Release|Any CPU.ActiveCfg = Release|Any CPU
		{D7E2DD41-AC63-43D9-82C2-738993174B47}.Release|Any CPU.Build.0 = Release|Any CPU
		{2DA330AF-1E54-4F27-A4F1-430CC480ED03}.Debug|Any CPU.ActiveCfg = Debug|Any CPU
		{2DA330AF-1E54-4F27-A4F1-430CC480ED03}.Debug|Any CPU.Build.0 = Debug|Any CPU
		{2DA330AF-1E54-4F27-A4F1-430CC480ED03}.Release|Any CPU.ActiveCfg = Release|Any CPU
		{2DA330AF-1E54-4F27-A4F1-430CC480ED03}.Release|Any CPU.Build.0 = Release|Any CPU
		{B1D64CCA-B5EA-4118-8411-20916424A4C4}.Debug|Any CPU.ActiveCfg = Debug|Any CPU
		{B1D64CCA-B5EA-4118-8411-20916424A4C4}.Debug|Any CPU.Build.0 = Debug|Any CPU
		{B1D64CCA-B5EA-4118-8411-20916424A4C4}.Release|Any CPU.ActiveCfg = Release|Any CPU
		{B1D64CCA-B5EA-4118-8411-20916424A4C4}.Release|Any CPU.Build.0 = Release|Any CPU
		{9B1C6E53-73C1-43B6-AB47-F86FE9FC7E66}.Debug|Any CPU.ActiveCfg = Debug|Any CPU
		{9B1C6E53-73C1-43B6-AB47-F86FE9FC7E66}.Debug|Any CPU.Build.0 = Debug|Any CPU
		{9B1C6E53-73C1-43B6-AB47-F86FE9FC7E66}.Release|Any CPU.ActiveCfg = Release|Any CPU
		{9B1C6E53-73C1-43B6-AB47-F86FE9FC7E66}.Release|Any CPU.Build.0 = Release|Any CPU
		{7421C8A4-342A-442C-9C57-1DD9556ED250}.Debug|Any CPU.ActiveCfg = Debug|Any CPU
		{7421C8A4-342A-442C-9C57-1DD9556ED250}.Debug|Any CPU.Build.0 = Debug|Any CPU
		{7421C8A4-342A-442C-9C57-1DD9556ED250}.Release|Any CPU.ActiveCfg = Release|Any CPU
		{7421C8A4-342A-442C-9C57-1DD9556ED250}.Release|Any CPU.Build.0 = Release|Any CPU
		{0DBEE3BA-E378-4078-89C0-32FD26BE815E}.Debug|Any CPU.ActiveCfg = Debug|Any CPU
		{0DBEE3BA-E378-4078-89C0-32FD26BE815E}.Debug|Any CPU.Build.0 = Debug|Any CPU
		{0DBEE3BA-E378-4078-89C0-32FD26BE815E}.Release|Any CPU.ActiveCfg = Release|Any CPU
		{0DBEE3BA-E378-4078-89C0-32FD26BE815E}.Release|Any CPU.Build.0 = Release|Any CPU
		{FE0A4C9D-3C9A-491A-BEEB-A7407FB8B706}.Debug|Any CPU.ActiveCfg = Debug|Any CPU
		{FE0A4C9D-3C9A-491A-BEEB-A7407FB8B706}.Debug|Any CPU.Build.0 = Debug|Any CPU
		{FE0A4C9D-3C9A-491A-BEEB-A7407FB8B706}.Release|Any CPU.ActiveCfg = Release|Any CPU
		{FE0A4C9D-3C9A-491A-BEEB-A7407FB8B706}.Release|Any CPU.Build.0 = Release|Any CPU
		{C239CC50-C772-4343-A8C4-58B8B8823A72}.Debug|Any CPU.ActiveCfg = Debug|Any CPU
		{C239CC50-C772-4343-A8C4-58B8B8823A72}.Debug|Any CPU.Build.0 = Debug|Any CPU
		{C239CC50-C772-4343-A8C4-58B8B8823A72}.Release|Any CPU.ActiveCfg = Release|Any CPU
		{C239CC50-C772-4343-A8C4-58B8B8823A72}.Release|Any CPU.Build.0 = Release|Any CPU
		{1EE5A440-D97A-4C30-AE4A-DD64A56C5895}.Debug|Any CPU.ActiveCfg = Debug|Any CPU
		{1EE5A440-D97A-4C30-AE4A-DD64A56C5895}.Debug|Any CPU.Build.0 = Debug|Any CPU
		{1EE5A440-D97A-4C30-AE4A-DD64A56C5895}.Release|Any CPU.ActiveCfg = Release|Any CPU
		{1EE5A440-D97A-4C30-AE4A-DD64A56C5895}.Release|Any CPU.Build.0 = Release|Any CPU
		{6D97FE7C-A293-4550-BCDA-90031FAA1F86}.Debug|Any CPU.ActiveCfg = Debug|Any CPU
		{6D97FE7C-A293-4550-BCDA-90031FAA1F86}.Debug|Any CPU.Build.0 = Debug|Any CPU
		{6D97FE7C-A293-4550-BCDA-90031FAA1F86}.Release|Any CPU.ActiveCfg = Release|Any CPU
		{6D97FE7C-A293-4550-BCDA-90031FAA1F86}.Release|Any CPU.Build.0 = Release|Any CPU
		{85641E36-ED3A-4266-BD47-65068E4B8A4C}.Debug|Any CPU.ActiveCfg = Debug|Any CPU
		{85641E36-ED3A-4266-BD47-65068E4B8A4C}.Debug|Any CPU.Build.0 = Debug|Any CPU
		{85641E36-ED3A-4266-BD47-65068E4B8A4C}.Release|Any CPU.ActiveCfg = Release|Any CPU
		{85641E36-ED3A-4266-BD47-65068E4B8A4C}.Release|Any CPU.Build.0 = Release|Any CPU
		{C7443483-CF18-4846-8B0D-FB90F377A3F6}.Debug|Any CPU.ActiveCfg = Debug|Any CPU
		{C7443483-CF18-4846-8B0D-FB90F377A3F6}.Debug|Any CPU.Build.0 = Debug|Any CPU
		{C7443483-CF18-4846-8B0D-FB90F377A3F6}.Release|Any CPU.ActiveCfg = Release|Any CPU
		{C7443483-CF18-4846-8B0D-FB90F377A3F6}.Release|Any CPU.Build.0 = Release|Any CPU
		{92FB7372-F4F4-4342-B963-23EA5600EDF8}.Debug|Any CPU.ActiveCfg = Debug|Any CPU
		{92FB7372-F4F4-4342-B963-23EA5600EDF8}.Debug|Any CPU.Build.0 = Debug|Any CPU
		{92FB7372-F4F4-4342-B963-23EA5600EDF8}.Release|Any CPU.ActiveCfg = Release|Any CPU
		{92FB7372-F4F4-4342-B963-23EA5600EDF8}.Release|Any CPU.Build.0 = Release|Any CPU
		{D31CAD00-3760-4AE1-B77F-A7A65939E4CF}.Debug|Any CPU.ActiveCfg = Debug|Any CPU
		{D31CAD00-3760-4AE1-B77F-A7A65939E4CF}.Debug|Any CPU.Build.0 = Debug|Any CPU
		{D31CAD00-3760-4AE1-B77F-A7A65939E4CF}.Release|Any CPU.ActiveCfg = Release|Any CPU
		{D31CAD00-3760-4AE1-B77F-A7A65939E4CF}.Release|Any CPU.Build.0 = Release|Any CPU
		{75E36BA6-4EAF-4344-A9D0-2A896BA6C27C}.Debug|Any CPU.ActiveCfg = Debug|Any CPU
		{75E36BA6-4EAF-4344-A9D0-2A896BA6C27C}.Debug|Any CPU.Build.0 = Debug|Any CPU
		{75E36BA6-4EAF-4344-A9D0-2A896BA6C27C}.Release|Any CPU.ActiveCfg = Release|Any CPU
		{75E36BA6-4EAF-4344-A9D0-2A896BA6C27C}.Release|Any CPU.Build.0 = Release|Any CPU
		{3E4A75D4-DAFC-4356-8C42-D5CDE076221F}.Debug|Any CPU.ActiveCfg = Debug|Any CPU
		{3E4A75D4-DAFC-4356-8C42-D5CDE076221F}.Debug|Any CPU.Build.0 = Debug|Any CPU
		{3E4A75D4-DAFC-4356-8C42-D5CDE076221F}.Release|Any CPU.ActiveCfg = Release|Any CPU
		{3E4A75D4-DAFC-4356-8C42-D5CDE076221F}.Release|Any CPU.Build.0 = Release|Any CPU
		{ED056CF3-7196-4246-B23C-2ADF57BC8F84}.Debug|Any CPU.ActiveCfg = Debug|Any CPU
		{ED056CF3-7196-4246-B23C-2ADF57BC8F84}.Debug|Any CPU.Build.0 = Debug|Any CPU
		{ED056CF3-7196-4246-B23C-2ADF57BC8F84}.Release|Any CPU.ActiveCfg = Release|Any CPU
		{ED056CF3-7196-4246-B23C-2ADF57BC8F84}.Release|Any CPU.Build.0 = Release|Any CPU
		{7E45AF79-C13D-45AC-B494-58020DD2E348}.Debug|Any CPU.ActiveCfg = Debug|Any CPU
		{7E45AF79-C13D-45AC-B494-58020DD2E348}.Debug|Any CPU.Build.0 = Debug|Any CPU
		{7E45AF79-C13D-45AC-B494-58020DD2E348}.Release|Any CPU.ActiveCfg = Release|Any CPU
		{7E45AF79-C13D-45AC-B494-58020DD2E348}.Release|Any CPU.Build.0 = Release|Any CPU
		{B2D4AE06-3418-47EF-8C61-6FE4AB3D0D18}.Debug|Any CPU.ActiveCfg = Debug|Any CPU
		{B2D4AE06-3418-47EF-8C61-6FE4AB3D0D18}.Debug|Any CPU.Build.0 = Debug|Any CPU
		{B2D4AE06-3418-47EF-8C61-6FE4AB3D0D18}.Release|Any CPU.ActiveCfg = Release|Any CPU
		{B2D4AE06-3418-47EF-8C61-6FE4AB3D0D18}.Release|Any CPU.Build.0 = Release|Any CPU
		{70A6C3D5-5C6B-4F96-8D09-EA1DAA4A2512}.Debug|Any CPU.ActiveCfg = Debug|Any CPU
		{70A6C3D5-5C6B-4F96-8D09-EA1DAA4A2512}.Debug|Any CPU.Build.0 = Debug|Any CPU
		{70A6C3D5-5C6B-4F96-8D09-EA1DAA4A2512}.Release|Any CPU.ActiveCfg = Release|Any CPU
		{70A6C3D5-5C6B-4F96-8D09-EA1DAA4A2512}.Release|Any CPU.Build.0 = Release|Any CPU
		{C69574B0-0A3D-4881-B625-B2B04269781F}.Debug|Any CPU.ActiveCfg = Debug|Any CPU
		{C69574B0-0A3D-4881-B625-B2B04269781F}.Debug|Any CPU.Build.0 = Debug|Any CPU
		{C69574B0-0A3D-4881-B625-B2B04269781F}.Release|Any CPU.ActiveCfg = Release|Any CPU
		{C69574B0-0A3D-4881-B625-B2B04269781F}.Release|Any CPU.Build.0 = Release|Any CPU
		{C5A3C4DE-5949-488B-BE1C-206CF857D2A5}.Debug|Any CPU.ActiveCfg = Debug|Any CPU
		{C5A3C4DE-5949-488B-BE1C-206CF857D2A5}.Debug|Any CPU.Build.0 = Debug|Any CPU
		{C5A3C4DE-5949-488B-BE1C-206CF857D2A5}.Release|Any CPU.ActiveCfg = Release|Any CPU
		{C5A3C4DE-5949-488B-BE1C-206CF857D2A5}.Release|Any CPU.Build.0 = Release|Any CPU
	EndGlobalSection
	GlobalSection(SolutionProperties) = preSolution
		HideSolutionNode = FALSE
	EndGlobalSection
	GlobalSection(ExtensibilityGlobals) = postSolution
		SolutionGuid = {CD81A1B2-D926-45B6-88A9-1556801352BC}
	EndGlobalSection
EndGlobal
